
Microsoft Visual Studio Solution File, Format Version 12.00
# Visual Studio Version 17
VisualStudioVersion = 17.5.2.0
MinimumVisualStudioVersion = 10.0.40219.1
Project("{2150E333-8FDC-42A3-9474-1A3956D46DE8}") = "src", "src", "{827E0CD3-B72D-47B6-A68D-7590B98EB39B}"
EndProject
Project("{FAE04EC0-301F-11D3-BF4B-00C04F79EFBC}") = "WorkflowAutomation.SharedKernel.Domain", "src\WorkflowAutomation.SharedKernel.Domain\WorkflowAutomation.SharedKernel.Domain.csproj", "{91757869-A081-2308-57D8-A52EA3CC96A0}"
EndProject
Project("{FAE04EC0-301F-11D3-BF4B-00C04F79EFBC}") = "WorkflowAutomation.WorkflowDefinition.Domain", "src\WorkflowAutomation.WorkflowDefinition.Domain\WorkflowAutomation.WorkflowDefinition.Domain.csproj", "{809127A4-6B23-5410-5455-B6CEE20C4CF8}"
EndProject
Project("{FAE04EC0-301F-11D3-BF4B-00C04F79EFBC}") = "WorkflowAutomation.WorkflowExecution.Domain", "src\WorkflowAutomation.WorkflowExecution.Domain\WorkflowAutomation.WorkflowExecution.Domain.csproj", "{462BE321-0419-57DB-0B26-7EADC6C3E457}"
EndProject
Project("{2150E333-8FDC-42A3-9474-1A3956D46DE8}") = "tests", "tests", "{0AB3BF05-4346-4AA6-1389-037BE0695223}"
EndProject
Project("{FAE04EC0-301F-11D3-BF4B-00C04F79EFBC}") = "WorkflowAutomation.WorkflowDefinition.Domain.Tests", "tests\WorkflowAutomation.WorkflowDefinition.Domain.Tests\WorkflowAutomation.WorkflowDefinition.Domain.Tests.csproj", "{217CC3EF-637C-4D0F-B734-96326FFE9D3C}"
EndProject
Project("{FAE04EC0-301F-11D3-BF4B-00C04F79EFBC}") = "WorkflowAutomation.WorkflowExecution.Domain.Tests", "tests\WorkflowAutomation.WorkflowExecution.Domain.Tests\WorkflowAutomation.WorkflowExecution.Domain.Tests.csproj", "{4C7ED07C-28C2-4F01-B3C2-403A2AC8172A}"
EndProject
Global
	GlobalSection(SolutionConfigurationPlatforms) = preSolution
		Debug|Any CPU = Debug|Any CPU
		Debug|x64 = Debug|x64
		Debug|x86 = Debug|x86
		Release|Any CPU = Release|Any CPU
		Release|x64 = Release|x64
		Release|x86 = Release|x86
	EndGlobalSection
	GlobalSection(ProjectConfigurationPlatforms) = postSolution
		{91757869-A081-2308-57D8-A52EA3CC96A0}.Debug|Any CPU.ActiveCfg = Debug|Any CPU
		{91757869-A081-2308-57D8-A52EA3CC96A0}.Debug|Any CPU.Build.0 = Debug|Any CPU
		{91757869-A081-2308-57D8-A52EA3CC96A0}.Debug|x64.ActiveCfg = Debug|Any CPU
		{91757869-A081-2308-57D8-A52EA3CC96A0}.Debug|x64.Build.0 = Debug|Any CPU
		{91757869-A081-2308-57D8-A52EA3CC96A0}.Debug|x86.ActiveCfg = Debug|Any CPU
		{91757869-A081-2308-57D8-A52EA3CC96A0}.Debug|x86.Build.0 = Debug|Any CPU
		{91757869-A081-2308-57D8-A52EA3CC96A0}.Release|Any CPU.ActiveCfg = Release|Any CPU
		{91757869-A081-2308-57D8-A52EA3CC96A0}.Release|Any CPU.Build.0 = Release|Any CPU
		{91757869-A081-2308-57D8-A52EA3CC96A0}.Release|x64.ActiveCfg = Release|Any CPU
		{91757869-A081-2308-57D8-A52EA3CC96A0}.Release|x64.Build.0 = Release|Any CPU
		{91757869-A081-2308-57D8-A52EA3CC96A0}.Release|x86.ActiveCfg = Release|Any CPU
		{91757869-A081-2308-57D8-A52EA3CC96A0}.Release|x86.Build.0 = Release|Any CPU
		{809127A4-6B23-5410-5455-B6CEE20C4CF8}.Debug|Any CPU.ActiveCfg = Debug|Any CPU
		{809127A4-6B23-5410-5455-B6CEE20C4CF8}.Debug|Any CPU.Build.0 = Debug|Any CPU
		{809127A4-6B23-5410-5455-B6CEE20C4CF8}.Debug|x64.ActiveCfg = Debug|Any CPU
		{809127A4-6B23-5410-5455-B6CEE20C4CF8}.Debug|x64.Build.0 = Debug|Any CPU
		{809127A4-6B23-5410-5455-B6CEE20C4CF8}.Debug|x86.ActiveCfg = Debug|Any CPU
		{809127A4-6B23-5410-5455-B6CEE20C4CF8}.Debug|x86.Build.0 = Debug|Any CPU
		{809127A4-6B23-5410-5455-B6CEE20C4CF8}.Release|Any CPU.ActiveCfg = Release|Any CPU
		{809127A4-6B23-5410-5455-B6CEE20C4CF8}.Release|Any CPU.Build.0 = Release|Any CPU
		{809127A4-6B23-5410-5455-B6CEE20C4CF8}.Release|x64.ActiveCfg = Release|Any CPU
		{809127A4-6B23-5410-5455-B6CEE20C4CF8}.Release|x64.Build.0 = Release|Any CPU
		{809127A4-6B23-5410-5455-B6CEE20C4CF8}.Release|x86.ActiveCfg = Release|Any CPU
		{809127A4-6B23-5410-5455-B6CEE20C4CF8}.Release|x86.Build.0 = Release|Any CPU
		{462BE321-0419-57DB-0B26-7EADC6C3E457}.Debug|Any CPU.ActiveCfg = Debug|Any CPU
		{462BE321-0419-57DB-0B26-7EADC6C3E457}.Debug|Any CPU.Build.0 = Debug|Any CPU
		{462BE321-0419-57DB-0B26-7EADC6C3E457}.Debug|x64.ActiveCfg = Debug|Any CPU
		{462BE321-0419-57DB-0B26-7EADC6C3E457}.Debug|x64.Build.0 = Debug|Any CPU
		{462BE321-0419-57DB-0B26-7EADC6C3E457}.Debug|x86.ActiveCfg = Debug|Any CPU
		{462BE321-0419-57DB-0B26-7EADC6C3E457}.Debug|x86.Build.0 = Debug|Any CPU
		{462BE321-0419-57DB-0B26-7EADC6C3E457}.Release|Any CPU.ActiveCfg = Release|Any CPU
		{462BE321-0419-57DB-0B26-7EADC6C3E457}.Release|Any CPU.Build.0 = Release|Any CPU
		{462BE321-0419-57DB-0B26-7EADC6C3E457}.Release|x64.ActiveCfg = Release|Any CPU
		{462BE321-0419-57DB-0B26-7EADC6C3E457}.Release|x64.Build.0 = Release|Any CPU
		{462BE321-0419-57DB-0B26-7EADC6C3E457}.Release|x86.ActiveCfg = Release|Any CPU
		{462BE321-0419-57DB-0B26-7EADC6C3E457}.Release|x86.Build.0 = Release|Any CPU
		{217CC3EF-637C-4D0F-B734-96326FFE9D3C}.Debug|Any CPU.ActiveCfg = Debug|Any CPU
		{217CC3EF-637C-4D0F-B734-96326FFE9D3C}.Debug|Any CPU.Build.0 = Debug|Any CPU
		{217CC3EF-637C-4D0F-B734-96326FFE9D3C}.Debug|x64.ActiveCfg = Debug|Any CPU
		{217CC3EF-637C-4D0F-B734-96326FFE9D3C}.Debug|x64.Build.0 = Debug|Any CPU
		{217CC3EF-637C-4D0F-B734-96326FFE9D3C}.Debug|x86.ActiveCfg = Debug|Any CPU
		{217CC3EF-637C-4D0F-B734-96326FFE9D3C}.Debug|x86.Build.0 = Debug|Any CPU
		{217CC3EF-637C-4D0F-B734-96326FFE9D3C}.Release|Any CPU.ActiveCfg = Release|Any CPU
		{217CC3EF-637C-4D0F-B734-96326FFE9D3C}.Release|Any CPU.Build.0 = Release|Any CPU
		{217CC3EF-637C-4D0F-B734-96326FFE9D3C}.Release|x64.ActiveCfg = Release|Any CPU
		{217CC3EF-637C-4D0F-B734-96326FFE9D3C}.Release|x64.Build.0 = Release|Any CPU
		{217CC3EF-637C-4D0F-B734-96326FFE9D3C}.Release|x86.ActiveCfg = Release|Any CPU
		{217CC3EF-637C-4D0F-B734-96326FFE9D3C}.Release|x86.Build.0 = Release|Any CPU
		{4C7ED07C-28C2-4F01-B3C2-403A2AC8172A}.Debug|Any CPU.ActiveCfg = Debug|Any CPU
		{4C7ED07C-28C2-4F01-B3C2-403A2AC8172A}.Debug|Any CPU.Build.0 = Debug|Any CPU
		{4C7ED07C-28C2-4F01-B3C2-403A2AC8172A}.Debug|x64.ActiveCfg = Debug|Any CPU
		{4C7ED07C-28C2-4F01-B3C2-403A2AC8172A}.Debug|x64.Build.0 = Debug|Any CPU
		{4C7ED07C-28C2-4F01-B3C2-403A2AC8172A}.Debug|x86.ActiveCfg = Debug|Any CPU
		{4C7ED07C-28C2-4F01-B3C2-403A2AC8172A}.Debug|x86.Build.0 = Debug|Any CPU
		{4C7ED07C-28C2-4F01-B3C2-403A2AC8172A}.Release|Any CPU.ActiveCfg = Release|Any CPU
		{4C7ED07C-28C2-4F01-B3C2-403A2AC8172A}.Release|Any CPU.Build.0 = Release|Any CPU
		{4C7ED07C-28C2-4F01-B3C2-403A2AC8172A}.Release|x64.ActiveCfg = Release|Any CPU
		{4C7ED07C-28C2-4F01-B3C2-403A2AC8172A}.Release|x64.Build.0 = Release|Any CPU
		{4C7ED07C-28C2-4F01-B3C2-403A2AC8172A}.Release|x86.ActiveCfg = Release|Any CPU
		{4C7ED07C-28C2-4F01-B3C2-403A2AC8172A}.Release|x86.Build.0 = Release|Any CPU
	EndGlobalSection
	GlobalSection(SolutionProperties) = preSolution
		HideSolutionNode = FALSE
	EndGlobalSection
	GlobalSection(NestedProjects) = preSolution
		{91757869-A081-2308-57D8-A52EA3CC96A0} = {827E0CD3-B72D-47B6-A68D-7590B98EB39B}
		{809127A4-6B23-5410-5455-B6CEE20C4CF8} = {827E0CD3-B72D-47B6-A68D-7590B98EB39B}
		{462BE321-0419-57DB-0B26-7EADC6C3E457} = {827E0CD3-B72D-47B6-A68D-7590B98EB39B}
		{217CC3EF-637C-4D0F-B734-96326FFE9D3C} = {0AB3BF05-4346-4AA6-1389-037BE0695223}
		{4C7ED07C-28C2-4F01-B3C2-403A2AC8172A} = {0AB3BF05-4346-4AA6-1389-037BE0695223}
	EndGlobalSection
	GlobalSection(ExtensibilityGlobals) = postSolution
		SolutionGuid = {D9806A70-56EC-4D3C-9344-704B5F1E2192}
	EndGlobalSection
EndGlobal
